
Microsoft Visual Studio Solution File, Format Version 12.00
Project("{FAE04EC0-301F-11D3-BF4B-00C04F79EFBC}") = "FileContentGeneration", "FileContentGeneration\FileContentGeneration.csproj", "{56088767-3EE3-4323-9E49-E4E220C22C25}"
EndProject
Project("{FAE04EC0-301F-11D3-BF4B-00C04F79EFBC}") = "FileContentGeneration.Solution", "FileContentGeneration.Solution\FileContentGeneration.Solution.csproj", "{FB3AC708-E9EA-4AD3-9000-7CEDC5695AFB}"
EndProject
Project("{FAE04EC0-301F-11D3-BF4B-00C04F79EFBC}") = "FileContentGeneration.Solution.Tests", "FileContentGeneration.Solution.Tests\FileContentGeneration.Solution.Tests.csproj", "{92626468-BA86-4097-8A95-39BC6A281F56}"
EndProject
Global
	GlobalSection(SolutionConfigurationPlatforms) = preSolution
		Debug|Any CPU = Debug|Any CPU
		Release|Any CPU = Release|Any CPU
	EndGlobalSection
	GlobalSection(ProjectConfigurationPlatforms) = postSolution
		{56088767-3EE3-4323-9E49-E4E220C22C25}.Debug|Any CPU.ActiveCfg = Debug|Any CPU
		{56088767-3EE3-4323-9E49-E4E220C22C25}.Debug|Any CPU.Build.0 = Debug|Any CPU
		{56088767-3EE3-4323-9E49-E4E220C22C25}.Release|Any CPU.ActiveCfg = Release|Any CPU
		{56088767-3EE3-4323-9E49-E4E220C22C25}.Release|Any CPU.Build.0 = Release|Any CPU
		{FB3AC708-E9EA-4AD3-9000-7CEDC5695AFB}.Debug|Any CPU.ActiveCfg = Debug|Any CPU
		{FB3AC708-E9EA-4AD3-9000-7CEDC5695AFB}.Debug|Any CPU.Build.0 = Debug|Any CPU
		{FB3AC708-E9EA-4AD3-9000-7CEDC5695AFB}.Release|Any CPU.ActiveCfg = Release|Any CPU
		{FB3AC708-E9EA-4AD3-9000-7CEDC5695AFB}.Release|Any CPU.Build.0 = Release|Any CPU
		{92626468-BA86-4097-8A95-39BC6A281F56}.Debug|Any CPU.ActiveCfg = Debug|Any CPU
		{92626468-BA86-4097-8A95-39BC6A281F56}.Debug|Any CPU.Build.0 = Debug|Any CPU
		{92626468-BA86-4097-8A95-39BC6A281F56}.Release|Any CPU.ActiveCfg = Release|Any CPU
		{92626468-BA86-4097-8A95-39BC6A281F56}.Release|Any CPU.Build.0 = Release|Any CPU
	EndGlobalSection
EndGlobal
